
Microsoft Visual Studio Solution File, Format Version 12.00
# Visual Studio 2013
VisualStudioVersion = 12.0.30501.0
MinimumVisualStudioVersion = 10.0.40219.1
Project("{FAE04EC0-301F-11D3-BF4B-00C04F79EFBC}") = "MigrationNumberTracker.Data", "MigrationNumberTracker.Data\MigrationNumberTracker.Data.csproj", "{7B8D8066-B232-4503-9EE6-37F63ED2A3C9}"
EndProject
Project("{FAE04EC0-301F-11D3-BF4B-00C04F79EFBC}") = "MigrationNumberTracker.Server", "MigrationNumberTracker.Server\MigrationNumberTracker.Server.csproj", "{16F46031-CABE-469D-BCD4-C39FD71132F8}"
EndProject
Project("{FAE04EC0-301F-11D3-BF4B-00C04F79EFBC}") = "MigrationNumberTracker.Client", "MigrationNumberTracker.Client\MigrationNumberTracker.Client.csproj", "{29D29A93-8D8A-4C22-ADAD-9A47931DB993}"
EndProject
Project("{FAE04EC0-301F-11D3-BF4B-00C04F79EFBC}") = "MigrationNumberTracker.Common", "MigrationNumberTracker.Common\MigrationNumberTracker.Common.csproj", "{D40F27CA-33A8-4D1D-B6CB-BE33132448BF}"
EndProject
Project("{FAE04EC0-301F-11D3-BF4B-00C04F79EFBC}") = "MigrationNumberTracker.TrayApp", "MigrationNumberTracker.TrayApp\MigrationNumberTracker.TrayApp.csproj", "{AD2D05D9-E217-40F2-B469-9E56EBA607B3}"
EndProject
Project("{FAE04EC0-301F-11D3-BF4B-00C04F79EFBC}") = "MigrationNumberTracker.Logging", "MigrationNumberTracker.Logging\MigrationNumberTracker.Logging.csproj", "{C7EFCC14-3BE6-4354-9B98-3C0B224EFF0C}"
EndProject
Project("{FAE04EC0-301F-11D3-BF4B-00C04F79EFBC}") = "MigrationNumberTracker.Tests", "MigrationNumberTracker.Tests\MigrationNumberTracker.Tests.csproj", "{AD65AEDB-B833-44A0-9653-ED3D32F7A8D6}"
EndProject
Project("{FAE04EC0-301F-11D3-BF4B-00C04F79EFBC}") = "MigrationNumberTracker.GitIntegration", "MigrationNumberTracker.GitIntegration\MigrationNumberTracker.GitIntegration.csproj", "{5079E89E-3B78-4E79-BC1B-A61C95ED00AB}"
EndProject
Global
	GlobalSection(SolutionConfigurationPlatforms) = preSolution
		Debug|Any CPU = Debug|Any CPU
		Release|Any CPU = Release|Any CPU
	EndGlobalSection
	GlobalSection(ProjectConfigurationPlatforms) = postSolution
		{7B8D8066-B232-4503-9EE6-37F63ED2A3C9}.Debug|Any CPU.ActiveCfg = Debug|Any CPU
		{7B8D8066-B232-4503-9EE6-37F63ED2A3C9}.Debug|Any CPU.Build.0 = Debug|Any CPU
		{7B8D8066-B232-4503-9EE6-37F63ED2A3C9}.Release|Any CPU.ActiveCfg = Release|Any CPU
		{7B8D8066-B232-4503-9EE6-37F63ED2A3C9}.Release|Any CPU.Build.0 = Release|Any CPU
		{16F46031-CABE-469D-BCD4-C39FD71132F8}.Debug|Any CPU.ActiveCfg = Debug|Any CPU
		{16F46031-CABE-469D-BCD4-C39FD71132F8}.Debug|Any CPU.Build.0 = Debug|Any CPU
		{16F46031-CABE-469D-BCD4-C39FD71132F8}.Release|Any CPU.ActiveCfg = Release|Any CPU
		{16F46031-CABE-469D-BCD4-C39FD71132F8}.Release|Any CPU.Build.0 = Release|Any CPU
		{29D29A93-8D8A-4C22-ADAD-9A47931DB993}.Debug|Any CPU.ActiveCfg = Debug|Any CPU
		{29D29A93-8D8A-4C22-ADAD-9A47931DB993}.Debug|Any CPU.Build.0 = Debug|Any CPU
		{29D29A93-8D8A-4C22-ADAD-9A47931DB993}.Release|Any CPU.ActiveCfg = Release|Any CPU
		{29D29A93-8D8A-4C22-ADAD-9A47931DB993}.Release|Any CPU.Build.0 = Release|Any CPU
		{D40F27CA-33A8-4D1D-B6CB-BE33132448BF}.Debug|Any CPU.ActiveCfg = Debug|Any CPU
		{D40F27CA-33A8-4D1D-B6CB-BE33132448BF}.Debug|Any CPU.Build.0 = Debug|Any CPU
		{D40F27CA-33A8-4D1D-B6CB-BE33132448BF}.Release|Any CPU.ActiveCfg = Release|Any CPU
		{D40F27CA-33A8-4D1D-B6CB-BE33132448BF}.Release|Any CPU.Build.0 = Release|Any CPU
		{AD2D05D9-E217-40F2-B469-9E56EBA607B3}.Debug|Any CPU.ActiveCfg = Debug|Any CPU
		{AD2D05D9-E217-40F2-B469-9E56EBA607B3}.Debug|Any CPU.Build.0 = Debug|Any CPU
		{AD2D05D9-E217-40F2-B469-9E56EBA607B3}.Release|Any CPU.ActiveCfg = Release|Any CPU
		{AD2D05D9-E217-40F2-B469-9E56EBA607B3}.Release|Any CPU.Build.0 = Release|Any CPU
		{C7EFCC14-3BE6-4354-9B98-3C0B224EFF0C}.Debug|Any CPU.ActiveCfg = Debug|Any CPU
		{C7EFCC14-3BE6-4354-9B98-3C0B224EFF0C}.Debug|Any CPU.Build.0 = Debug|Any CPU
		{C7EFCC14-3BE6-4354-9B98-3C0B224EFF0C}.Release|Any CPU.ActiveCfg = Release|Any CPU
		{C7EFCC14-3BE6-4354-9B98-3C0B224EFF0C}.Release|Any CPU.Build.0 = Release|Any CPU
		{AD65AEDB-B833-44A0-9653-ED3D32F7A8D6}.Debug|Any CPU.ActiveCfg = Debug|Any CPU
		{AD65AEDB-B833-44A0-9653-ED3D32F7A8D6}.Debug|Any CPU.Build.0 = Debug|Any CPU
		{AD65AEDB-B833-44A0-9653-ED3D32F7A8D6}.Release|Any CPU.ActiveCfg = Release|Any CPU
		{AD65AEDB-B833-44A0-9653-ED3D32F7A8D6}.Release|Any CPU.Build.0 = Release|Any CPU
		{5079E89E-3B78-4E79-BC1B-A61C95ED00AB}.Debug|Any CPU.ActiveCfg = Debug|Any CPU
		{5079E89E-3B78-4E79-BC1B-A61C95ED00AB}.Debug|Any CPU.Build.0 = Debug|Any CPU
		{5079E89E-3B78-4E79-BC1B-A61C95ED00AB}.Release|Any CPU.ActiveCfg = Release|Any CPU
		{5079E89E-3B78-4E79-BC1B-A61C95ED00AB}.Release|Any CPU.Build.0 = Release|Any CPU
	EndGlobalSection
	GlobalSection(SolutionProperties) = preSolution
		HideSolutionNode = FALSE
	EndGlobalSection
EndGlobal
